lockfileVersion: 5.4

importers:

  .:
    specifiers: {}

  ../../packages/components:
    specifiers:
      '@headlessui/react': ~1.7.0
      '@heroicons/react': ~2.0.10
      '@jcyd/hooks': workspace:*
      '@rollup/plugin-typescript': ~8.5.0
      '@swc/core': ~1.2.248
      '@tanstack/react-query': ~4.2.3
      '@types/react': ~18.0.18
      '@types/react-dom': ~18.0.6
      classnames: ~2.3.1
      react: ~18.2.0
      react-dom: ~18.2.0
      rollup: ~2.79.0
      rollup-plugin-swc: ~0.2.1
      tslib: ~2.4.0
      typescript: ~4.8.2
    dependencies:
      '@headlessui/react': 1.7.0_biqbaboplfbrettd7655fr4n2y
      '@heroicons/react': 2.0.10_react@18.2.0
      '@jcyd/hooks': link:../hooks
      '@tanstack/react-query': 4.2.3_biqbaboplfbrettd7655fr4n2y
      classnames: 2.3.1
      react: 18.2.0
      react-dom: 18.2.0_react@18.2.0
    devDependencies:
      '@rollup/plugin-typescript': 8.5.0_lgw3yndmlomwrra4tomb66mtni
      '@swc/core': 1.2.248
      '@types/react': 18.0.18
      '@types/react-dom': 18.0.6
      rollup: 2.79.0
      rollup-plugin-swc: 0.2.1_jsb5xfz4qgfhzg6yybebcevwjq
      tslib: 2.4.0
      typescript: 4.8.2

  ../../packages/hooks:
    specifiers:
      '@rollup/plugin-typescript': ~8.5.0
      '@swc/core': ~1.2.248
      '@types/react': ~18.0.18
      '@types/react-dom': ~18.0.6
      react: ~18.2.0
      react-dom: ~18.2.0
      rollup: ~2.79.0
      rollup-plugin-swc: ~0.2.1
      tslib: ~2.4.0
      typescript: ~4.8.2
    dependencies:
      react: 18.2.0
      react-dom: 18.2.0_react@18.2.0
    devDependencies:
      '@rollup/plugin-typescript': 8.5.0_lgw3yndmlomwrra4tomb66mtni
      '@swc/core': 1.2.248
      '@types/react': 18.0.18
      '@types/react-dom': 18.0.6
      rollup: 2.79.0
      rollup-plugin-swc: 0.2.1_jsb5xfz4qgfhzg6yybebcevwjq
      tslib: 2.4.0
      typescript: 4.8.2

packages:

  /@headlessui/react/1.7.0_biqbaboplfbrettd7655fr4n2y:
    resolution: {integrity: sha512-/nDsijOXRwXVLpUBEiYuWguIBSIN3ZbKyah+KPUiD8bdIKtX1U/k+qLYUEr7NCQnSF2e4w1dr8me42ECuG3cvw==}
    engines: {node: '>=10'}
    peerDependencies:
      react: ^16 || ^17 || ^18
      react-dom: ^16 || ^17 || ^18
    dependencies:
      react: 18.2.0
      react-dom: 18.2.0_react@18.2.0
    dev: false

  /@heroicons/react/2.0.10_react@18.2.0:
    resolution: {integrity: sha512-Ufr+pgAElNiRCSklnHGOR10bXb02BLlosvbDK7sCRUMOcQ3R/HCXTfXs4BUkYZ4dKpx6l5dUD06VSW1dTpTEDw==}
    peerDependencies:
      react: '>= 16'
    dependencies:
      react: 18.2.0
    dev: false

  /@rollup/plugin-typescript/8.5.0_lgw3yndmlomwrra4tomb66mtni:
    resolution: {integrity: sha512-wMv1/scv0m/rXx21wD2IsBbJFba8wGF3ErJIr6IKRfRj49S85Lszbxb4DCo8iILpluTjk2GAAu9CoZt4G3ppgQ==}
    engines: {node: '>=8.0.0'}
    peerDependencies:
      rollup: ^2.14.0
      tslib: '*'
      typescript: '>=3.7.0'
    peerDependenciesMeta:
      tslib:
        optional: true
    dependencies:
      '@rollup/pluginutils': 3.1.0_rollup@2.79.0
      resolve: 1.22.1
      rollup: 2.79.0
      tslib: 2.4.0
      typescript: 4.8.2
    dev: true

  /@rollup/pluginutils/3.1.0_rollup@2.79.0:
    resolution: {integrity: sha512-GksZ6pr6TpIjHm8h9lSQ8pi8BE9VeubNT0OMJ3B5uZJ8pz73NPiqOtCog/x2/QzM1ENChPKxMDhiQuRHsqc+lg==}
    engines: {node: '>= 8.0.0'}
    peerDependencies:
      rollup: ^1.20.0||^2.0.0
    dependencies:
      '@types/estree': 0.0.39
      estree-walker: 1.0.1
      picomatch: 2.3.1
      rollup: 2.79.0
    dev: true

  /@rollup/pluginutils/4.2.1:
    resolution: {integrity: sha512-iKnFXr7NkdZAIHiIWE+BX5ULi/ucVFYWD6TbAV+rZctiRTY2PL6tsIKhoIOaoskiWAkgu+VsbXgUVDNLHf+InQ==}
    engines: {node: '>= 8.0.0'}
    dependencies:
      estree-walker: 2.0.2
      picomatch: 2.3.1
    dev: true

  /@swc/core-android-arm-eabi/1.2.248:
    resolution: {integrity: sha512-+n4fyGnGWnhV/GanN99N5FkgCF0JdJVViecsA0eAEXF35+qZ0PO3YgDx3EfBXA35utddXZwskZ9q71cjSPv4Rg==}
    engines: {node: '>=10'}
    cpu: [arm]
    os: [android]
    requiresBuild: true
    dependencies:
      '@swc/wasm': 1.2.122
    dev: true
    optional: true

  /@swc/core-android-arm64/1.2.248:
    resolution: {integrity: sha512-/eXNTuWpAiJsP/DkO2hr4B+a6oS605sRq6Y2ry7sc+7bS8jkDloryD3Lkyv6h1RgRrv33uRCt0+JLN+odeeBSA==}
    engines: {node: '>=10'}
    cpu: [arm64]
    os: [android]
    requiresBuild: true
    dependencies:
      '@swc/wasm': 1.2.130
    dev: true
    optional: true

  /@swc/core-darwin-arm64/1.2.248:
    resolution: {integrity: sha512-rd9UwNuFhMk4WxoFmba2HKNrPevh8p/syEtjThyQ+kcMLU1D5yA3WwYEyPvnLgytlkJvsUIjVjV15i8lNSU0TQ==}
    engines: {node: '>=10'}
    cpu: [arm64]
    os: [darwin]
    requiresBuild: true
    dev: true
    optional: true

  /@swc/core-darwin-x64/1.2.248:
    resolution: {integrity: sha512-ouexUd719FZ4CEGl2HDZEGJV4nAhcRJ6BUMO0IOxK0MRJEDvqTiW98nSqTbOz22GHTy9Z0n5vkc5nOkuDfTJTQ==}
    engines: {node: '>=10'}
    cpu: [x64]
    os: [darwin]
    requiresBuild: true
    dev: true
    optional: true

  /@swc/core-freebsd-x64/1.2.248:
    resolution: {integrity: sha512-rV4h0dGqz9x5xRGGRXKQ5MzAep90PkjLIXIcPG16M8pJQFNhS6Ebslxvh//6GIvTONE9VU/86CHWJ8FJHedUPA==}
    engines: {node: '>=10'}
    cpu: [x64]
    os: [freebsd]
    requiresBuild: true
    dependencies:
      '@swc/wasm': 1.2.130
    dev: true
    optional: true

  /@swc/core-linux-arm-gnueabihf/1.2.248:
    resolution: {integrity: sha512-8ZOPx9+tuLQ86cvFd3+FVBsodxFWvczJRzfLamxScEGywMsQ+Jz6vMEXAo0AbSjNjJG01DXeiVkqqyCD3Rpmug==}
    engines: {node: '>=10'}
    cpu: [arm]
    os: [linux]
    requiresBuild: true
    dependencies:
      '@swc/wasm': 1.2.130
    dev: true
    optional: true

  /@swc/core-linux-arm64-gnu/1.2.248:
    resolution: {integrity: sha512-drJgH/s9p+4DMw7E6RxNSwj9M/0o0DWfTgO11D/afSTIR9hZfZSjC1cjpGS93jnW52H6iMWPHhcTOidHtvmVPg==}
    engines: {node: '>=10'}
    cpu: [arm64]
    os: [linux]
    libc: [glibc]
    requiresBuild: true
    dev: true
    optional: true

  /@swc/core-linux-arm64-musl/1.2.248:
    resolution: {integrity: sha512-qhntKjnAtpbHyOVJPX/LQdOdngATFXiBc8S7f5hrkn6AdK3WmojUapZbiy+0YRYxjoRrMWy/ubY8J2JWyHKeZg==}
    engines: {node: '>=10'}
    cpu: [arm64]
    os: [linux]
    libc: [musl]
    requiresBuild: true
    dev: true
    optional: true

  /@swc/core-linux-x64-gnu/1.2.248:
    resolution: {integrity: sha512-NcWuAuWg0N7/KXOk2JtYG4crFqhWrFV2d9shDr5PLm9bAbgSebqxGjAluQbTQjGM+ABpZ3PO4IuaCfyui3abqQ==}
    engines: {node: '>=10'}
    cpu: [x64]
    os: [linux]
    libc: [glibc]
    requiresBuild: true
    dev: true
    optional: true

  /@swc/core-linux-x64-musl/1.2.248:
    resolution: {integrity: sha512-E9bog6QK3DSGcK7UdpgsPVeDDCRv/SqoFOEYRYuDEOVgNkpte37pj1IdQCmN0gDHyyvuJxQ9+Knr9282DUJmQg==}
    engines: {node: '>=10'}
    cpu: [x64]
    os: [linux]
    libc: [musl]
    requiresBuild: true
    dev: true
    optional: true

  /@swc/core-win32-arm64-msvc/1.2.248:
    resolution: {integrity: sha512-dzAFIo5gN0hJGdC9Ikzx+gtqhePpKN2brpK0hQLlEL/+ruClxTjGxOpPO9cSHR771uO62hgNn1lN0Vhx37gQMA==}
    engines: {node: '>=10'}
    cpu: [arm64]
    os: [win32]
    requiresBuild: true
    dependencies:
      '@swc/wasm': 1.2.130
    dev: true
    optional: true

  /@swc/core-win32-ia32-msvc/1.2.248:
    resolution: {integrity: sha512-TjyHVop+4+hHVziyoUpQ7mBrgGShvbcFF0f+5mVzKzBJSjbKPsZEtu5qMi12r03g+4fCCHaq1QnWeq1uhke0rQ==}
    engines: {node: '>=10'}
    cpu: [ia32]
    os: [win32]
    requiresBuild: true
    dependencies:
      '@swc/wasm': 1.2.130
    dev: true
    optional: true

  /@swc/core-win32-x64-msvc/1.2.248:
    resolution: {integrity: sha512-XODvZBfUSoUdj0RqUyOkBD7HydE5vSDvcYSVLCmLWsgEDPJhUWiOZHoXMEvoTu5/BDNezUZn58DlKozCzWZQsQ==}
    engines: {node: '>=10'}
    cpu: [x64]
    os: [win32]
    requiresBuild: true
    dev: true
    optional: true

  /@swc/core/1.2.248:
    resolution: {integrity: sha512-/HQJT2BIT5fkf6I6vK5fS5SKf34QedBQQNf0A38xRIAFhQjLBVWECRFySqKijaFoIzRv9Ic4DI6XwusBNfPUyA==}
    engines: {node: '>=10'}
    hasBin: true
    requiresBuild: true
    optionalDependencies:
      '@swc/core-android-arm-eabi': 1.2.248
      '@swc/core-android-arm64': 1.2.248
      '@swc/core-darwin-arm64': 1.2.248
      '@swc/core-darwin-x64': 1.2.248
      '@swc/core-freebsd-x64': 1.2.248
      '@swc/core-linux-arm-gnueabihf': 1.2.248
      '@swc/core-linux-arm64-gnu': 1.2.248
      '@swc/core-linux-arm64-musl': 1.2.248
      '@swc/core-linux-x64-gnu': 1.2.248
      '@swc/core-linux-x64-musl': 1.2.248
      '@swc/core-win32-arm64-msvc': 1.2.248
      '@swc/core-win32-ia32-msvc': 1.2.248
      '@swc/core-win32-x64-msvc': 1.2.248
    dev: true

  /@swc/wasm/1.2.122:
    resolution: {integrity: sha512-sM1VCWQxmNhFtdxME+8UXNyPNhxNu7zdb6ikWpz0YKAQQFRGT5ThZgJrubEpah335SUToNg8pkdDF7ibVCjxbQ==}
    requiresBuild: true
    dev: true
    optional: true

  /@swc/wasm/1.2.130:
    resolution: {integrity: sha512-rNcJsBxS70+pv8YUWwf5fRlWX6JoY/HJc25HD/F8m6Kv7XhJdqPPMhyX6TKkUBPAG7TWlZYoxa+rHAjPy4Cj3Q==}
    requiresBuild: true
    dev: true
    optional: true

  /@tanstack/query-core/4.2.3:
    resolution: {integrity: sha512-zdt5lYWs1dZaA3IxJbCgtAfHZJScRZONpiLL7YkeOkrme5MfjQqTpjq7LYbzpyuwPOh2Jx68le0PLl57JFv5hQ==}
    dev: false

  /@tanstack/react-query/4.2.3_biqbaboplfbrettd7655fr4n2y:
    resolution: {integrity: sha512-JLaMOxoJTkiAu7QpevRCt2uI/0vd3E8K/rSlCuRgWlcW5DeJDFpDS5kfzmLO5MOcD97fgsJRrDbxDORxR1FdJA==}
    peerDependencies:
      react: ^16.8.0 || ^17.0.0 || ^18.0.0
      react-dom: ^16.8.0 || ^17.0.0 || ^18.0.0
      react-native: '*'
    peerDependenciesMeta:
      react-dom:
        optional: true
      react-native:
        optional: true
    dependencies:
      '@tanstack/query-core': 4.2.3
      '@types/use-sync-external-store': 0.0.3
      react: 18.2.0
      react-dom: 18.2.0_react@18.2.0
      use-sync-external-store: 1.2.0_react@18.2.0
    dev: false

  /@types/estree/0.0.39:
    resolution: {integrity: sha512-EYNwp3bU+98cpU4lAWYYL7Zz+2gryWH1qbdDTidVd6hkiR6weksdbMadyXKXNPEkQFhXM+hVO9ZygomHXp+AIw==}
    dev: true

  /@types/prop-types/15.7.5:
    resolution: {integrity: sha512-JCB8C6SnDoQf0cNycqd/35A7MjcnK+ZTqE7judS6o7utxUCg6imJg3QK2qzHKszlTjcj2cn+NwMB2i96ubpj7w==}
    dev: true

  /@types/react-dom/18.0.6:
    resolution: {integrity: sha512-/5OFZgfIPSwy+YuIBP/FgJnQnsxhZhjjrnxudMddeblOouIodEQ75X14Rr4wGSG/bknL+Omy9iWlLo1u/9GzAA==}
    dependencies:
      '@types/react': 18.0.18
    dev: true

  /@types/react/18.0.18:
    resolution: {integrity: sha512-6hI08umYs6NaiHFEEGioXnxJ+oEhY3eRz8VCUaudZmGdtvPviCJB8mgaMxaDWAdPSYd4eFavrPk2QIolwbLYrg==}
    dependencies:
      '@types/prop-types': 15.7.5
      '@types/scheduler': 0.16.2
      csstype: 3.1.0
    dev: true

  /@types/scheduler/0.16.2:
    resolution: {integrity: sha512-hppQEBDmlwhFAXKJX2KnWLYu5yMfi91yazPb2l+lbJiwW+wdo1gNeRA+3RgNSO39WYX2euey41KEwnqesU2Jew==}
    dev: true

  /@types/use-sync-external-store/0.0.3:
    resolution: {integrity: sha512-EwmlvuaxPNej9+T4v5AuBPJa2x2UOJVdjCtDHgcDqitUeOtjnJKJ+apYjVcAoBEMjKW1VVFGZLUb5+qqa09XFA==}
    dev: false

  /classnames/2.3.1:
    resolution: {integrity: sha512-OlQdbZ7gLfGarSqxesMesDa5uz7KFbID8Kpq/SxIoNGDqY8lSYs0D+hhtBXhcdB3rcbXArFr7vlHheLk1voeNA==}
    dev: false

  /csstype/3.1.0:
    resolution: {integrity: sha512-uX1KG+x9h5hIJsaKR9xHUeUraxf8IODOwq9JLNPq6BwB04a/xgpq3rcx47l5BZu5zBPlgD342tdke3Hom/nJRA==}
    dev: true

  /estree-walker/1.0.1:
    resolution: {integrity: sha512-1fMXF3YP4pZZVozF8j/ZLfvnR8NSIljt56UhbZ5PeeDmmGHpgpdwQt7ITlGvYaQukCvuBRMLEiKiYC+oeIg4cg==}
    dev: true

  /estree-walker/2.0.2:
    resolution: {integrity: sha512-Rfkk/Mp/DL7JVje3u18FxFujQlTNR2q6QfMSMB7AvCBx91NGj/ba3kCfza0f6dVDbw7YlRf/nDrn7pQrCCyQ/w==}
    dev: true

  /fsevents/2.3.2:
    resolution: {integrity: sha512-xiqMQR4xAeHTuB9uWm+fFRcIOgKBMiOBP+eXiyT7jsgVCq1bkVygt00oASowB7EdtpOHaaPgKt812P9ab+DDKA==}
    engines: {node: ^8.16.0 || ^10.6.0 || >=11.0.0}
    os: [darwin]
    requiresBuild: true
    dev: true
    optional: true

  /function-bind/1.1.1:
    resolution: {integrity: sha512-yIovAzMX49sF8Yl58fSCWJ5svSLuaibPxXQJFLmBObTuCr0Mf1KiPopGM9NiFjiYBCbfaa2Fh6breQ6ANVTI0A==}
    dev: true

  /has/1.0.3:
    resolution: {integrity: sha512-f2dvO0VU6Oej7RkWJGrehjbzMAjFp5/VKPp5tTpWIV4JHHZK1/BxbFRtf/siA2SWTe09caDmVtYYzWEIbBS4zw==}
    engines: {node: '>= 0.4.0'}
    dependencies:
      function-bind: 1.1.1
    dev: true

  /is-core-module/2.10.0:
    resolution: {integrity: sha512-Erxj2n/LDAZ7H8WNJXd9tw38GYM3dv8rk8Zcs+jJuxYTW7sozH+SS8NtrSjVL1/vpLvWi1hxy96IzjJ3EHTJJg==}
    dependencies:
      has: 1.0.3
    dev: true

  /js-tokens/4.0.0:
    resolution: {integrity: sha512-RdJUflcE3cUzKiMqQgsCu06FPu9UdIJO0beYbPhHN4k6apgJtifcoCtT9bcxOpYBtpD2kCM6Sbzg4CausW/PKQ==}
    dev: false

  /loose-envify/1.4.0:
    resolution: {integrity: sha512-lyuxPGr/Wfhrlem2CL/UcnUc1zcqKAImBDzukY7Y5F/yQiNdko6+fRLevlw1HgMySw7f611UIY408EtxRSoK3Q==}
    hasBin: true
    dependencies:
      js-tokens: 4.0.0
    dev: false

  /path-parse/1.0.7:
    resolution: {integrity: sha512-LDJzPVEEEPR+y48z93A0Ed0yXb8pAByGWo/k5YYdYgpY2/2EsOsksJrq7lOHxryrVOn1ejG6oAp8ahvOIQD8sw==}
    dev: true

  /picomatch/2.3.1:
    resolution: {integrity: sha512-JU3teHTNjmE2VCGFzuY8EXzCDVwEqB2a8fsIvwaStHhAWJEeVd1o1QD80CU6+ZdEXXSLbSsuLwJjkCBWqRQUVA==}
    engines: {node: '>=8.6'}
    dev: true

  /react-dom/18.2.0_react@18.2.0:
    resolution: {integrity: sha512-6IMTriUmvsjHUjNtEDudZfuDQUoWXVxKHhlEGSk81n4YFS+r/Kl99wXiwlVXtPBtJenozv2P+hxDsw9eA7Xo6g==}
    peerDependencies:
      react: ^18.2.0
    dependencies:
      loose-envify: 1.4.0
      react: 18.2.0
      scheduler: 0.23.0
    dev: false

  /react/18.2.0:
    resolution: {integrity: sha512-/3IjMdb2L9QbBdWiW5e3P2/npwMBaU9mHCSCUzNln0ZCYbcfTsGbTJrU/kGemdH2IWmB2ioZ+zkxtmq6g09fGQ==}
    engines: {node: '>=0.10.0'}
    dependencies:
      loose-envify: 1.4.0
    dev: false

  /resolve/1.22.1:
    resolution: {integrity: sha512-nBpuuYuY5jFsli/JIs1oldw6fOQCBioohqWZg/2hiaOybXOft4lonv85uDOKXdf8rhyK159cxU5cDcK/NKk8zw==}
    hasBin: true
    dependencies:
      is-core-module: 2.10.0
      path-parse: 1.0.7
      supports-preserve-symlinks-flag: 1.0.0
    dev: true

  /rollup-plugin-swc/0.2.1_jsb5xfz4qgfhzg6yybebcevwjq:
    resolution: {integrity: sha512-wWRYt9tC0aIBvRQHNnVtwJ6DRPDj9XYpOAcOyFB11sKSkR/R+NAmbrjBACCPNVmZcxg6joV29wXgb5mU1DI7eA==}
    peerDependencies:
      '@swc/core': '>=1.0'
      rollup: '>=1.5.0'
    dependencies:
      '@rollup/pluginutils': 4.2.1
      '@swc/core': 1.2.248
      rollup: 2.79.0
    dev: true

  /rollup/2.79.0:
    resolution: {integrity: sha512-x4KsrCgwQ7ZJPcFA/SUu6QVcYlO7uRLfLAy0DSA4NS2eG8japdbpM50ToH7z4iObodRYOJ0soneF0iaQRJ6zhA==}
    engines: {node: '>=10.0.0'}
    hasBin: true
    optionalDependencies:
      fsevents: 2.3.2
    dev: true

  /scheduler/0.23.0:
    resolution: {integrity: sha512-CtuThmgHNg7zIZWAXi3AsyIzA3n4xx7aNyjwC2VJldO2LMVDhFK+63xGqq6CsJH4rTAt6/M+N4GhZiDYPx9eUw==}
    dependencies:
      loose-envify: 1.4.0
    dev: false

  /supports-preserve-symlinks-flag/1.0.0:
    resolution: {integrity: sha512-ot0WnXS9fgdkgIcePe6RHNk1WA8+muPa6cSjeR3V8K27q9BB1rTE3R1p7Hv0z1ZyAc8s6Vvv8DIyWf681MAt0w==}
    engines: {node: '>= 0.4'}
    dev: true

  /tslib/2.4.0:
    resolution: {integrity: sha512-d6xOpEDfsi2CZVlPQzGeux8XMwLT9hssAsaPYExaQMuYskwb+x1x7J371tWlbBdWHroy99KnVB6qIkUbs5X3UQ==}
    dev: true

  /typescript/4.8.2:
    resolution: {integrity: sha512-C0I1UsrrDHo2fYI5oaCGbSejwX4ch+9Y5jTQELvovfmFkK3HHSZJB8MSJcWLmCUBzQBchCrZ9rMRV6GuNrvGtw==}
    engines: {node: '>=4.2.0'}
    hasBin: true
    dev: true

  /use-sync-external-store/1.2.0_react@18.2.0:
    resolution: {integrity: sha512-eEgnFxGQ1Ife9bzYs6VLi8/4X6CObHMw9Qr9tPY43iKwsPw8xE8+EFsf/2cFZ5S3esXgpWgtSCtLNS41F+sKPA==}
    peerDependencies:
      react: ^16.8.0 || ^17.0.0 || ^18.0.0
    dependencies:
      react: 18.2.0
    dev: false
